// !$*UTF8*$!
{
	archiveVersion = 1;
	classes = {
	};
	objectVersion = 50;
	objects = {

/* Begin PBXBuildFile section */
		AA1D452320E97040002986B3 /* ThemeFactory.swift in Sources */ = {isa = PBXBuildFile; fileRef = AA1D452220E97040002986B3 /* ThemeFactory.swift */; };
		AA1D452520E985E9002986B3 /* Array+Shuffle.swift in Sources */ = {isa = PBXBuildFile; fileRef = AA1D452420E985E9002986B3 /* Array+Shuffle.swift */; };
		AA1D452720E98879002986B3 /* Int+Random.swift in Sources */ = {isa = PBXBuildFile; fileRef = AA1D452620E98879002986B3 /* Int+Random.swift */; };
		AA281B5A20D6FC3300BE8002 /* Concentration.swift in Sources */ = {isa = PBXBuildFile; fileRef = AA281B5920D6FC3300BE8002 /* Concentration.swift */; };
		AA281B5C20D6FCF200BE8002 /* Card.swift in Sources */ = {isa = PBXBuildFile; fileRef = AA281B5B20D6FCF200BE8002 /* Card.swift */; };
		AAE0995220D5A39100A9CA4F /* AppDelegate.swift in Sources */ = {isa = PBXBuildFile; fileRef = AAE0995120D5A39100A9CA4F /* AppDelegate.swift */; };
		AAE0995420D5A39100A9CA4F /* ConcentrationViewController.swift in Sources */ = {isa = PBXBuildFile; fileRef = AAE0995320D5A39100A9CA4F /* ConcentrationViewController.swift */; };
		AAE0995720D5A39100A9CA4F /* Main.storyboard in Resources */ = {isa = PBXBuildFile; fileRef = AAE0995520D5A39100A9CA4F /* Main.storyboard */; };
		AAE0995920D5A39200A9CA4F /* Assets.xcassets in Resources */ = {isa = PBXBuildFile; fileRef = AAE0995820D5A39200A9CA4F /* Assets.xcassets */; };
		AAE0995C20D5A39200A9CA4F /* LaunchScreen.storyboard in Resources */ = {isa = PBXBuildFile; fileRef = AAE0995A20D5A39200A9CA4F /* LaunchScreen.storyboard */; };
/* End PBXBuildFile section */

/* Begin PBXFileReference section */
		AA1D452220E97040002986B3 /* ThemeFactory.swift */ = {isa = PBXFileReference; lastKnownFileType = sourcecode.swift; path = ThemeFactory.swift; sourceTree = "<group>"; };
		AA1D452420E985E9002986B3 /* Array+Shuffle.swift */ = {isa = PBXFileReference; lastKnownFileType = sourcecode.swift; path = "Array+Shuffle.swift"; sourceTree = "<group>"; };
		AA1D452620E98879002986B3 /* Int+Random.swift */ = {isa = PBXFileReference; lastKnownFileType = sourcecode.swift; path = "Int+Random.swift"; sourceTree = "<group>"; };
		AA281B5920D6FC3300BE8002 /* Concentration.swift */ = {isa = PBXFileReference; lastKnownFileType = sourcecode.swift; path = Concentration.swift; sourceTree = "<group>"; };
		AA281B5B20D6FCF200BE8002 /* Card.swift */ = {isa = PBXFileReference; lastKnownFileType = sourcecode.swift; path = Card.swift; sourceTree = "<group>"; };
		AAE0994E20D5A39100A9CA4F /* Concentration.app */ = {isa = PBXFileReference; explicitFileType = wrapper.application; includeInIndex = 0; path = Concentration.app; sourceTree = BUILT_PRODUCTS_DIR; };
		AAE0995120D5A39100A9CA4F /* AppDelegate.swift */ = {isa = PBXFileReference; lastKnownFileType = sourcecode.swift; path = AppDelegate.swift; sourceTree = "<group>"; };
		AAE0995320D5A39100A9CA4F /* ConcentrationViewController.swift */ = {isa = PBXFileReference; lastKnownFileType = sourcecode.swift; path = ConcentrationViewController.swift; sourceTree = "<group>"; };
		AAE0995620D5A39100A9CA4F /* Base */ = {isa = PBXFileReference; lastKnownFileType = file.storyboard; name = Base; path = Base.lproj/Main.storyboard; sourceTree = "<group>"; };
		AAE0995820D5A39200A9CA4F /* Assets.xcassets */ = {isa = PBXFileReference; lastKnownFileType = folder.assetcatalog; path = Assets.xcassets; sourceTree = "<group>"; };
		AAE0995B20D5A39200A9CA4F /* Base */ = {isa = PBXFileReference; lastKnownFileType = file.storyboard; name = Base; path = Base.lproj/LaunchScreen.storyboard; sourceTree = "<group>"; };
		AAE0995D20D5A39200A9CA4F /* Info.plist */ = {isa = PBXFileReference; lastKnownFileType = text.plist.xml; path = Info.plist; sourceTree = "<group>"; };
/* End PBXFileReference section */

/* Begin PBXFrameworksBuildPhase section */
		AAE0994B20D5A39100A9CA4F /* Frameworks */ = {
			isa = PBXFrameworksBuildPhase;
			buildActionMask = 2147483647;
			files = (
			);
			runOnlyForDeploymentPostprocessing = 0;
		};
/* End PBXFrameworksBuildPhase section */

/* Begin PBXGroup section */
		AAE0994520D5A39100A9CA4F = {
			isa = PBXGroup;
			children = (
				AAE0995020D5A39100A9CA4F /* Concentration */,
				AAE0994F20D5A39100A9CA4F /* Products */,
			);
			sourceTree = "<group>";
		};
		AAE0994F20D5A39100A9CA4F /* Products */ = {
			isa = PBXGroup;
			children = (
				AAE0994E20D5A39100A9CA4F /* Concentration.app */,
			);
			name = Products;
			sourceTree = "<group>";
		};
		AAE0995020D5A39100A9CA4F /* Concentration */ = {
			isa = PBXGroup;
			children = (
				AAE0996320D5A50C00A9CA4F /* Supporting files */,
				AAE0995320D5A39100A9CA4F /* ConcentrationViewController.swift */,
				AA1D452220E97040002986B3 /* ThemeFactory.swift */,
				AA281B5920D6FC3300BE8002 /* Concentration.swift */,
				AA281B5B20D6FCF200BE8002 /* Card.swift */,
				AAE0995520D5A39100A9CA4F /* Main.storyboard */,
				AAE0995D20D5A39200A9CA4F /* Info.plist */,
				AA1D452420E985E9002986B3 /* Array+Shuffle.swift */,
				AA1D452620E98879002986B3 /* Int+Random.swift */,
			);
			path = Concentration;
			sourceTree = "<group>";
		};
		AAE0996320D5A50C00A9CA4F /* Supporting files */ = {
			isa = PBXGroup;
			children = (
				AAE0995120D5A39100A9CA4F /* AppDelegate.swift */,
				AAE0995820D5A39200A9CA4F /* Assets.xcassets */,
				AAE0995A20D5A39200A9CA4F /* LaunchScreen.storyboard */,
			);
			path = "Supporting files";
			sourceTree = "<group>";
		};
/* End PBXGroup section */

/* Begin PBXNativeTarget section */
		AAE0994D20D5A39100A9CA4F /* Concentration */ = {
			isa = PBXNativeTarget;
			buildConfigurationList = AAE0996020D5A39200A9CA4F /* Build configuration list for PBXNativeTarget "Concentration" */;
			buildPhases = (
				AAE0994A20D5A39100A9CA4F /* Sources */,
				AAE0994B20D5A39100A9CA4F /* Frameworks */,
				AAE0994C20D5A39100A9CA4F /* Resources */,
			);
			buildRules = (
			);
			dependencies = (
			);
			name = Concentration;
			productName = Concentration;
			productReference = AAE0994E20D5A39100A9CA4F /* Concentration.app */;
			productType = "com.apple.product-type.application";
		};
/* End PBXNativeTarget section */

/* Begin PBXProject section */
		AAE0994620D5A39100A9CA4F /* Project object */ = {
			isa = PBXProject;
			attributes = {
				LastSwiftUpdateCheck = 0940;
				LastUpgradeCheck = 0940;
				ORGANIZATIONNAME = "Pablo Cobucci Leite";
				TargetAttributes = {
					AAE0994D20D5A39100A9CA4F = {
						CreatedOnToolsVersion = 9.4.1;
					};
				};
			};
			buildConfigurationList = AAE0994920D5A39100A9CA4F /* Build configuration list for PBXProject "Concentration" */;
			compatibilityVersion = "Xcode 9.3";
			developmentRegion = en;
			hasScannedForEncodings = 0;
			knownRegions = (
				en,
				Base,
			);
			mainGroup = AAE0994520D5A39100A9CA4F;
			productRefGroup = AAE0994F20D5A39100A9CA4F /* Products */;
			projectDirPath = "";
			projectRoot = "";
			targets = (
				AAE0994D20D5A39100A9CA4F /* Concentration */,
			);
		};
/* End PBXProject section */

/* Begin PBXResourcesBuildPhase section */
		AAE0994C20D5A39100A9CA4F /* Resources */ = {
			isa = PBXResourcesBuildPhase;
			buildActionMask = 2147483647;
			files = (
				AAE0995C20D5A39200A9CA4F /* LaunchScreen.storyboard in Resources */,
				AAE0995920D5A39200A9CA4F /* Assets.xcassets in Resources */,
				AAE0995720D5A39100A9CA4F /* Main.storyboard in Resources */,
			);
			runOnlyForDeploymentPostprocessing = 0;
		};
/* End PBXResourcesBuildPhase section */

/* Begin PBXSourcesBuildPhase section */
		AAE0994A20D5A39100A9CA4F /* Sources */ = {
			isa = PBXSourcesBuildPhase;
			buildActionMask = 2147483647;
			files = (
				AAE0995420D5A39100A9CA4F /* ConcentrationViewController.swift in Sources */,
				AA1D452720E98879002986B3 /* Int+Random.swift in Sources */,
				AA1D452520E985E9002986B3 /* Array+Shuffle.swift in Sources */,
				AA1D452320E97040002986B3 /* ThemeFactory.swift in Sources */,
				AAE0995220D5A39100A9CA4F /* AppDelegate.swift in Sources */,
				AA281B5A20D6FC3300BE8002 /* Concentration.swift in Sources */,
				AA281B5C20D6FCF200BE8002 /* Card.swift in Sources */,
			);
			runOnlyForDeploymentPostprocessing = 0;
		};
/* End PBXSourcesBuildPhase section */

/* Begin PBXVariantGroup section */
		AAE0995520D5A39100A9CA4F /* Main.storyboard */ = {
			isa = PBXVariantGroup;
			children = (
				AAE0995620D5A39100A9CA4F /* Base */,
			);
			name = Main.storyboard;
			sourceTree = "<group>";
		};
		AAE0995A20D5A39200A9CA4F /* LaunchScreen.storyboard */ = {
			isa = PBXVariantGroup;
			children = (
				AAE0995B20D5A39200A9CA4F /* Base */,
			);
			name = LaunchScreen.storyboard;
			sourceTree = "<group>";
		};
/* End PBXVariantGroup section */

/* Begin XCBuildConfiguration section */
		AAE0995E20D5A39200A9CA4F /* Debug */ = {
			isa = XCBuildConfiguration;
			buildSettings = {
				ALWAYS_SEARCH_USER_PATHS = NO;
				CLANG_ANALYZER_NONNULL = YES;
				CLANG_ANALYZER_NUMBER_OBJECT_CONVERSION = YES_AGGRESSIVE;
				CLANG_CXX_LANGUAGE_STANDARD = "gnu++14";
				CLANG_CXX_LIBRARY = "libc++";
				CLANG_ENABLE_MODULES = YES;
				CLANG_ENABLE_OBJC_ARC = YES;
				CLANG_ENABLE_OBJC_WEAK = YES;
				CLANG_WARN_BLOCK_CAPTURE_AUTORELEASING = YES;
				CLANG_WARN_BOOL_CONVERSION = YES;
				CLANG_WARN_COMMA = YES;
				CLANG_WARN_CONSTANT_CONVERSION = YES;
				CLANG_WARN_DEPRECATED_OBJC_IMPLEMENTATIONS = YES;
				CLANG_WARN_DIRECT_OBJC_ISA_USAGE = YES_ERROR;
				CLANG_WARN_DOCUMENTATION_COMMENTS = YES;
				CLANG_WARN_EMPTY_BODY = YES;
				CLANG_WARN_ENUM_CONVERSION = YES;
				CLANG_WARN_INFINITE_RECURSION = YES;
				CLANG_WARN_INT_CONVERSION = YES;
				CLANG_WARN_NON_LITERAL_NULL_CONVERSION = YES;
				CLANG_WARN_OBJC_IMPLICIT_RETAIN_SELF = YES;
				CLANG_WARN_OBJC_LITERAL_CONVERSION = YES;
				CLANG_WARN_OBJC_ROOT_CLASS = YES_ERROR;
				CLANG_WARN_RANGE_LOOP_ANALYSIS = YES;
				CLANG_WARN_STRICT_PROTOTYPES = YES;
				CLANG_WARN_SUSPICIOUS_MOVE = YES;
				CLANG_WARN_UNGUARDED_AVAILABILITY = YES_AGGRESSIVE;
				CLANG_WARN_UNREACHABLE_CODE = YES;
				CLANG_WARN__DUPLICATE_METHOD_MATCH = YES;
				CODE_SIGN_IDENTITY = "iPhone Developer";
				COPY_PHASE_STRIP = NO;
				DEBUG_INFORMATION_FORMAT = dwarf;
				ENABLE_STRICT_OBJC_MSGSEND = YES;
				ENABLE_TESTABILITY = YES;
				GCC_C_LANGUAGE_STANDARD = gnu11;
				GCC_DYNAMIC_NO_PIC = NO;
				GCC_NO_COMMON_BLOCKS = YES;
				GCC_OPTIMIZATION_LEVEL = 0;
				GCC_PREPROCESSOR_DEFINITIONS = (
					"DEBUG=1",
					"$(inherited)",
				);
				GCC_WARN_64_TO_32_BIT_CONVERSION = YES;
				GCC_WARN_ABOUT_RETURN_TYPE = YES_ERROR;
				GCC_WARN_UNDECLARED_SELECTOR = YES;
				GCC_WARN_UNINITIALIZED_AUTOS = YES_AGGRESSIVE;
				GCC_WARN_UNUSED_FUNCTION = YES;
				GCC_WARN_UNUSED_VARIABLE = YES;
				IPHONEOS_DEPLOYMENT_TARGET = 11.4;
				MTL_ENABLE_DEBUG_INFO = YES;
				ONLY_ACTIVE_ARCH = YES;
				SDKROOT = iphoneos;
				SWIFT_ACTIVE_COMPILATION_CONDITIONS = DEBUG;
				SWIFT_OPTIMIZATION_LEVEL = "-Onone";
			};
			name = Debug;
		};
		AAE0995F20D5A39200A9CA4F /* Release */ = {
			isa = XCBuildConfiguration;
			buildSettings = {
				ALWAYS_SEARCH_USER_PATHS = NO;
				CLANG_ANALYZER_NONNULL = YES;
				CLANG_ANALYZER_NUMBER_OBJECT_CONVERSION = YES_AGGRESSIVE;
				CLANG_CXX_LANGUAGE_STANDARD = "gnu++14";
				CLANG_CXX_LIBRARY = "libc++";
				CLANG_ENABLE_MODULES = YES;
				CLANG_ENABLE_OBJC_ARC = YES;
				CLANG_ENABLE_OBJC_WEAK = YES;
				CLANG_WARN_BLOCK_CAPTURE_AUTORELEASING = YES;
				CLANG_WARN_BOOL_CONVERSION = YES;
				CLANG_WARN_COMMA = YES;
				CLANG_WARN_CONSTANT_CONVERSION = YES;
				CLANG_WARN_DEPRECATED_OBJC_IMPLEMENTATIONS = YES;
				CLANG_WARN_DIRECT_OBJC_ISA_USAGE = YES_ERROR;
				CLANG_WARN_DOCUMENTATION_COMMENTS = YES;
				CLANG_WARN_EMPTY_BODY = YES;
				CLANG_WARN_ENUM_CONVERSION = YES;
				CLANG_WARN_INFINITE_RECURSION = YES;
				CLANG_WARN_INT_CONVERSION = YES;
				CLANG_WARN_NON_LITERAL_NULL_CONVERSION = YES;
				CLANG_WARN_OBJC_IMPLICIT_RETAIN_SELF = YES;
				CLANG_WARN_OBJC_LITERAL_CONVERSION = YES;
				CLANG_WARN_OBJC_ROOT_CLASS = YES_ERROR;
				CLANG_WARN_RANGE_LOOP_ANALYSIS = YES;
				CLANG_WARN_STRICT_PROTOTYPES = YES;
				CLANG_WARN_SUSPICIOUS_MOVE = YES;
				CLANG_WARN_UNGUARDED_AVAILABILITY = YES_AGGRESSIVE;
				CLANG_WARN_UNREACHABLE_CODE = YES;
				CLANG_WARN__DUPLICATE_METHOD_MATCH = YES;
				CODE_SIGN_IDENTITY = "iPhone Developer";
				COPY_PHASE_STRIP = NO;
				DEBUG_INFORMATION_FORMAT = "dwarf-with-dsym";
				ENABLE_NS_ASSERTIONS = NO;
				ENABLE_STRICT_OBJC_MSGSEND = YES;
				GCC_C_LANGUAGE_STANDARD = gnu11;
				GCC_NO_COMMON_BLOCKS = YES;
				GCC_WARN_64_TO_32_BIT_CONVERSION = YES;
				GCC_WARN_ABOUT_RETURN_TYPE = YES_ERROR;
				GCC_WARN_UNDECLARED_SELECTOR = YES;
				GCC_WARN_UNINITIALIZED_AUTOS = YES_AGGRESSIVE;
				GCC_WARN_UNUSED_FUNCTION = YES;
				GCC_WARN_UNUSED_VARIABLE = YES;
				IPHONEOS_DEPLOYMENT_TARGET = 11.4;
				MTL_ENABLE_DEBUG_INFO = NO;
				SDKROOT = iphoneos;
				SWIFT_COMPILATION_MODE = wholemodule;
				SWIFT_OPTIMIZATION_LEVEL = "-O";
				VALIDATE_PRODUCT = YES;
			};
			name = Release;
		};
		AAE0996120D5A39200A9CA4F /* Debug */ = {
			isa = XCBuildConfiguration;
			buildSettings = {
				ASSETCATALOG_COMPILER_APPICON_NAME = AppIcon;
				CODE_SIGN_IDENTITY = "iPhone Developer";
				CODE_SIGN_STYLE = Automatic;
				DEVELOPMENT_TEAM = 84K279ZBCN;
				INFOPLIST_FILE = Concentration/Info.plist;
				LD_RUNPATH_SEARCH_PATHS = (
					"$(inherited)",
					"@executable_path/Frameworks",
				);
				PRODUCT_BUNDLE_IDENTIFIER = com.pablocleite.Concentration;
				PRODUCT_NAME = "$(TARGET_NAME)";
				PROVISIONING_PROFILE_SPECIFIER = "";
				SWIFT_VERSION = 4.0;
				TARGETED_DEVICE_FAMILY = "1,2";
			};
			name = Debug;
		};
		AAE0996220D5A39200A9CA4F /* Release */ = {
			isa = XCBuildConfiguration;
			buildSettings = {
				ASSETCATALOG_COMPILER_APPICON_NAME = AppIcon;
				CODE_SIGN_IDENTITY = "iPhone Developer";
				CODE_SIGN_STYLE = Automatic;
				DEVELOPMENT_TEAM = 84K279ZBCN;
				INFOPLIST_FILE = Concentration/Info.plist;
				LD_RUNPATH_SEARCH_PATHS = (
					"$(inherited)",
					"@executable_path/Frameworks",
				);
				PRODUCT_BUNDLE_IDENTIFIER = com.pablocleite.Concentration;
				PRODUCT_NAME = "$(TARGET_NAME)";
				PROVISIONING_PROFILE_SPECIFIER = "";
				SWIFT_VERSION = 4.0;
				TARGETED_DEVICE_FAMILY = "1,2";
			};
			name = Release;
		};
/* End XCBuildConfiguration section */

/* Begin XCConfigurationList section */
		AAE0994920D5A39100A9CA4F /* Build configuration list for PBXProject "Concentration" */ = {
			isa = XCConfigurationList;
			buildConfigurations = (
				AAE0995E20D5A39200A9CA4F /* Debug */,
				AAE0995F20D5A39200A9CA4F /* Release */,
			);
			defaultConfigurationIsVisible = 0;
			defaultConfigurationName = Release;
		};
		AAE0996020D5A39200A9CA4F /* Build configuration list for PBXNativeTarget "Concentration" */ = {
			isa = XCConfigurationList;
			buildConfigurations = (
				AAE0996120D5A39200A9CA4F /* Debug */,
				AAE0996220D5A39200A9CA4F /* Release */,
			);
			defaultConfigurationIsVisible = 0;
			defaultConfigurationName = Release;
		};
/* End XCConfigurationList section */
	};
	rootObject = AAE0994620D5A39100A9CA4F /* Project object */;
}
